{
  "name": "@bunnix/components",
  "version": "0.9.2",
  "lockfileVersion": 3,
  "requires": true,
  "packages": {
    "": {
      "name": "@bunnix/components",
      "version": "0.9.2",
      "license": "ISC",
      "devDependencies": {
        "@bunnix/core": "^0.9.4"
      },
      "peerDependencies": {
        "@bunnix/core": "^0.9.4"
      }
    },
    "../bunnix": {
      "name": "@bunnix/core",
      "version": "0.9.4",
      "extraneous": true,
      "license": "ISC",
      "devDependencies": {
        "jsdom": "^26.0.0"
      }
    },
    "node_modules/@bunnix/core": {
      "version": "0.9.4",
      "resolved": "https://registry.npmjs.org/@bunnix/core/-/core-0.9.4.tgz",
      "integrity": "sha512-2zfxERaSde//CKhmWffrkTLVs1r5Phc48VVrbh0n+0d0Nx5dXgxl/FW5vnTB+KBXfkhorItcQfqmizhrV0rpRw==",
      "dev": true,
      "license": "ISC"
    }
  }
}
