{
  "name": "@bunnix/components",
  "version": "0.11.5",
  "lockfileVersion": 3,
  "requires": true,
  "packages": {
    "": {
      "name": "@bunnix/components",
      "version": "0.11.5",
      "license": "ISC",
      "devDependencies": {
        "@bunnix/core": "^0.10.0"
      },
      "peerDependencies": {
        "@bunnix/core": "^0.10.0"
      }
    },
    "node_modules/@bunnix/core": {
      "version": "0.10.1",
      "resolved": "https://registry.npmjs.org/@bunnix/core/-/core-0.10.1.tgz",
      "integrity": "sha512-2AQ8CX4SVQe6QzArG40b01/lghsnYwxLVG/kMw/PsMUPGJJcslWWfek3QuDmcchifLLPoxk/2aAy83v0+WGteg==",
      "dev": true,
      "license": "ISC"
    }
  }
}
